
Microsoft Visual Studio Solution File, Format Version 12.00
# Visual Studio Version 17
VisualStudioVersion = 17.14.36616.10 d17.14
MinimumVisualStudioVersion = 10.0.40219.1
Project("{FAE04EC0-301F-11D3-BF4B-00C04F79EFBC}") = "DayCare_ManagementSystem_API", "DayCare_ManagementSystem_API\DayCare_ManagementSystem_API.csproj", "{DC486CD6-9E91-404B-B6F5-11BB83C928AD}"
EndProject
Global
	GlobalSection(SolutionConfigurationPlatforms) = preSolution
		Debug|Any CPU = Debug|Any CPU
		Release|Any CPU = Release|Any CPU
	EndGlobalSection
	GlobalSection(ProjectConfigurationPlatforms) = postSolution
		{DC486CD6-9E91-404B-B6F5-11BB83C928AD}.Debug|Any CPU.ActiveCfg = Debug|Any CPU
		{DC486CD6-9E91-404B-B6F5-11BB83C928AD}.Debug|Any CPU.Build.0 = Debug|Any CPU
		{DC486CD6-9E91-404B-B6F5-11BB83C928AD}.Release|Any CPU.ActiveCfg = Release|Any CPU
		{DC486CD6-9E91-404B-B6F5-11BB83C928AD}.Release|Any CPU.Build.0 = Release|Any CPU
	EndGlobalSection
	GlobalSection(SolutionProperties) = preSolution
		HideSolutionNode = FALSE
	EndGlobalSection
	GlobalSection(ExtensibilityGlobals) = postSolution
		SolutionGuid = {3D2BC3CF-14AB-4968-9AF7-1203EAFE9A23}
	EndGlobalSection
EndGlobal
